// !$*UTF8*$!
{
	archiveVersion = 1;
	classes = {
	};
	objectVersion = 56;
	objects = {

/* Begin PBXBuildFile section */
		209F623F2934D7D2007A8998 /* TechNewsApp.swift in Sources */ = {isa = PBXBuildFile; fileRef = 209F623E2934D7D2007A8998 /* TechNewsApp.swift */; };
		209F62412934D7D2007A8998 /* ContentView.swift in Sources */ = {isa = PBXBuildFile; fileRef = 209F62402934D7D2007A8998 /* ContentView.swift */; };
		209F62432934D7D4007A8998 /* Assets.xcassets in Resources */ = {isa = PBXBuildFile; fileRef = 209F62422934D7D4007A8998 /* Assets.xcassets */; };
		209F62462934D7D4007A8998 /* Preview Assets.xcassets in Resources */ = {isa = PBXBuildFile; fileRef = 209F62452934D7D4007A8998 /* Preview Assets.xcassets */; };
		209F624E2934DB3B007A8998 /* NetworkManager.swift in Sources */ = {isa = PBXBuildFile; fileRef = 209F624D2934DB3B007A8998 /* NetworkManager.swift */; };
		209F62502934DC0B007A8998 /* Results.swift in Sources */ = {isa = PBXBuildFile; fileRef = 209F624F2934DC0B007A8998 /* Results.swift */; };
		209F62552934EA79007A8998 /* DetailsView.swift in Sources */ = {isa = PBXBuildFile; fileRef = 209F62542934EA79007A8998 /* DetailsView.swift */; };
		209F62572934EDA4007A8998 /* WebView.swift in Sources */ = {isa = PBXBuildFile; fileRef = 209F62562934EDA4007A8998 /* WebView.swift */; };
/* End PBXBuildFile section */

/* Begin PBXFileReference section */
		209F623B2934D7D2007A8998 /* TechNews.app */ = {isa = PBXFileReference; explicitFileType = wrapper.application; includeInIndex = 0; path = TechNews.app; sourceTree = BUILT_PRODUCTS_DIR; };
		209F623E2934D7D2007A8998 /* TechNewsApp.swift */ = {isa = PBXFileReference; lastKnownFileType = sourcecode.swift; path = TechNewsApp.swift; sourceTree = "<group>"; };
		209F62402934D7D2007A8998 /* ContentView.swift */ = {isa = PBXFileReference; lastKnownFileType = sourcecode.swift; path = ContentView.swift; sourceTree = "<group>"; };
		209F62422934D7D4007A8998 /* Assets.xcassets */ = {isa = PBXFileReference; lastKnownFileType = folder.assetcatalog; path = Assets.xcassets; sourceTree = "<group>"; };
		209F62452934D7D4007A8998 /* Preview Assets.xcassets */ = {isa = PBXFileReference; lastKnownFileType = folder.assetcatalog; path = "Preview Assets.xcassets"; sourceTree = "<group>"; };
		209F624D2934DB3B007A8998 /* NetworkManager.swift */ = {isa = PBXFileReference; lastKnownFileType = sourcecode.swift; path = NetworkManager.swift; sourceTree = "<group>"; };
		209F624F2934DC0B007A8998 /* Results.swift */ = {isa = PBXFileReference; lastKnownFileType = sourcecode.swift; path = Results.swift; sourceTree = "<group>"; };
		209F62542934EA79007A8998 /* DetailsView.swift */ = {isa = PBXFileReference; lastKnownFileType = sourcecode.swift; path = DetailsView.swift; sourceTree = "<group>"; };
		209F62562934EDA4007A8998 /* WebView.swift */ = {isa = PBXFileReference; lastKnownFileType = sourcecode.swift; path = WebView.swift; sourceTree = "<group>"; };
		20D6EB082935C122009A14B3 /* TechNews.entitlements */ = {isa = PBXFileReference; lastKnownFileType = text.plist.entitlements; path = TechNews.entitlements; sourceTree = "<group>"; };
/* End PBXFileReference section */

/* Begin PBXFrameworksBuildPhase section */
		209F62382934D7D2007A8998 /* Frameworks */ = {
			isa = PBXFrameworksBuildPhase;
			buildActionMask = 2147483647;
			files = (
			);
			runOnlyForDeploymentPostprocessing = 0;
		};
/* End PBXFrameworksBuildPhase section */

/* Begin PBXGroup section */
		209F62322934D7D2007A8998 = {
			isa = PBXGroup;
			children = (
				209F623D2934D7D2007A8998 /* TechNews */,
				209F623C2934D7D2007A8998 /* Products */,
			);
			sourceTree = "<group>";
		};
		209F623C2934D7D2007A8998 /* Products */ = {
			isa = PBXGroup;
			children = (
				209F623B2934D7D2007A8998 /* TechNews.app */,
			);
			name = Products;
			sourceTree = "<group>";
		};
		209F623D2934D7D2007A8998 /* TechNews */ = {
			isa = PBXGroup;
			children = (
				20D6EB082935C122009A14B3 /* TechNews.entitlements */,
				209F62512934EA1C007A8998 /* View */,
				209F624C2934DB21007A8998 /* Model */,
				209F623E2934D7D2007A8998 /* TechNewsApp.swift */,
				209F62422934D7D4007A8998 /* Assets.xcassets */,
				209F62442934D7D4007A8998 /* Preview Content */,
			);
			path = TechNews;
			sourceTree = "<group>";
		};
		209F62442934D7D4007A8998 /* Preview Content */ = {
			isa = PBXGroup;
			children = (
				209F62452934D7D4007A8998 /* Preview Assets.xcassets */,
			);
			path = "Preview Content";
			sourceTree = "<group>";
		};
		209F624C2934DB21007A8998 /* Model */ = {
			isa = PBXGroup;
			children = (
				209F624D2934DB3B007A8998 /* NetworkManager.swift */,
				209F624F2934DC0B007A8998 /* Results.swift */,
			);
			path = Model;
			sourceTree = "<group>";
		};
		209F62512934EA1C007A8998 /* View */ = {
			isa = PBXGroup;
			children = (
				209F62402934D7D2007A8998 /* ContentView.swift */,
				209F62542934EA79007A8998 /* DetailsView.swift */,
				209F62562934EDA4007A8998 /* WebView.swift */,
			);
			path = View;
			sourceTree = "<group>";
		};
/* End PBXGroup section */

/* Begin PBXNativeTarget section */
		209F623A2934D7D2007A8998 /* TechNews */ = {
			isa = PBXNativeTarget;
			buildConfigurationList = 209F62492934D7D4007A8998 /* Build configuration list for PBXNativeTarget "TechNews" */;
			buildPhases = (
				209F62372934D7D2007A8998 /* Sources */,
				209F62382934D7D2007A8998 /* Frameworks */,
				209F62392934D7D2007A8998 /* Resources */,
			);
			buildRules = (
			);
			dependencies = (
			);
			name = TechNews;
			productName = TechNews;
			productReference = 209F623B2934D7D2007A8998 /* TechNews.app */;
			productType = "com.apple.product-type.application";
		};
/* End PBXNativeTarget section */

/* Begin PBXProject section */
		209F62332934D7D2007A8998 /* Project object */ = {
			isa = PBXProject;
			attributes = {
				BuildIndependentTargetsInParallel = 1;
				LastSwiftUpdateCheck = 1410;
				LastUpgradeCheck = 1410;
				TargetAttributes = {
					209F623A2934D7D2007A8998 = {
						CreatedOnToolsVersion = 14.1;
					};
				};
			};
			buildConfigurationList = 209F62362934D7D2007A8998 /* Build configuration list for PBXProject "TechNews" */;
			compatibilityVersion = "Xcode 14.0";
			developmentRegion = en;
			hasScannedForEncodings = 0;
			knownRegions = (
				en,
				Base,
			);
			mainGroup = 209F62322934D7D2007A8998;
			productRefGroup = 209F623C2934D7D2007A8998 /* Products */;
			projectDirPath = "";
			projectRoot = "";
			targets = (
				209F623A2934D7D2007A8998 /* TechNews */,
			);
		};
/* End PBXProject section */

/* Begin PBXResourcesBuildPhase section */
		209F62392934D7D2007A8998 /* Resources */ = {
			isa = PBXResourcesBuildPhase;
			buildActionMask = 2147483647;
			files = (
				209F62462934D7D4007A8998 /* Preview Assets.xcassets in Resources */,
				209F62432934D7D4007A8998 /* Assets.xcassets in Resources */,
			);
			runOnlyForDeploymentPostprocessing = 0;
		};
/* End PBXResourcesBuildPhase section */

/* Begin PBXSourcesBuildPhase section */
		209F62372934D7D2007A8998 /* Sources */ = {
			isa = PBXSourcesBuildPhase;
			buildActionMask = 2147483647;
			files = (
				209F62502934DC0B007A8998 /* Results.swift in Sources */,
				209F62552934EA79007A8998 /* DetailsView.swift in Sources */,
				209F624E2934DB3B007A8998 /* NetworkManager.swift in Sources */,
				209F62572934EDA4007A8998 /* WebView.swift in Sources */,
				209F62412934D7D2007A8998 /* ContentView.swift in Sources */,
				209F623F2934D7D2007A8998 /* TechNewsApp.swift in Sources */,
			);
			runOnlyForDeploymentPostprocessing = 0;
		};
/* End PBXSourcesBuildPhase section */

/* Begin XCBuildConfiguration section */
		209F62472934D7D4007A8998 /* Debug */ = {
			isa = XCBuildConfiguration;
			buildSettings = {
				ALWAYS_SEARCH_USER_PATHS = NO;
				CLANG_ANALYZER_NONNULL = YES;
				CLANG_ANALYZER_NUMBER_OBJECT_CONVERSION = YES_AGGRESSIVE;
				CLANG_CXX_LANGUAGE_STANDARD = "gnu++20";
				CLANG_ENABLE_MODULES = YES;
				CLANG_ENABLE_OBJC_ARC = YES;
				CLANG_ENABLE_OBJC_WEAK = YES;
				CLANG_WARN_BLOCK_CAPTURE_AUTORELEASING = YES;
				CLANG_WARN_BOOL_CONVERSION = YES;
				CLANG_WARN_COMMA = YES;
				CLANG_WARN_CONSTANT_CONVERSION = YES;
				CLANG_WARN_DEPRECATED_OBJC_IMPLEMENTATIONS = YES;
				CLANG_WARN_DIRECT_OBJC_ISA_USAGE = YES_ERROR;
				CLANG_WARN_DOCUMENTATION_COMMENTS = YES;
				CLANG_WARN_EMPTY_BODY = YES;
				CLANG_WARN_ENUM_CONVERSION = YES;
				CLANG_WARN_INFINITE_RECURSION = YES;
				CLANG_WARN_INT_CONVERSION = YES;
				CLANG_WARN_NON_LITERAL_NULL_CONVERSION = YES;
				CLANG_WARN_OBJC_IMPLICIT_RETAIN_SELF = YES;
				CLANG_WARN_OBJC_LITERAL_CONVERSION = YES;
				CLANG_WARN_OBJC_ROOT_CLASS = YES_ERROR;
				CLANG_WARN_QUOTED_INCLUDE_IN_FRAMEWORK_HEADER = YES;
				CLANG_WARN_RANGE_LOOP_ANALYSIS = YES;
				CLANG_WARN_STRICT_PROTOTYPES = YES;
				CLANG_WARN_SUSPICIOUS_MOVE = YES;
				CLANG_WARN_UNGUARDED_AVAILABILITY = YES_AGGRESSIVE;
				CLANG_WARN_UNREACHABLE_CODE = YES;
				CLANG_WARN__DUPLICATE_METHOD_MATCH = YES;
				COPY_PHASE_STRIP = NO;
				DEBUG_INFORMATION_FORMAT = dwarf;
				ENABLE_STRICT_OBJC_MSGSEND = YES;
				ENABLE_TESTABILITY = YES;
				GCC_C_LANGUAGE_STANDARD = gnu11;
				GCC_DYNAMIC_NO_PIC = NO;
				GCC_NO_COMMON_BLOCKS = YES;
				GCC_OPTIMIZATION_LEVEL = 0;
				GCC_PREPROCESSOR_DEFINITIONS = (
					"DEBUG=1",
					"$(inherited)",
				);
				GCC_WARN_64_TO_32_BIT_CONVERSION = YES;
				GCC_WARN_ABOUT_RETURN_TYPE = YES_ERROR;
				GCC_WARN_UNDECLARED_SELECTOR = YES;
				GCC_WARN_UNINITIALIZED_AUTOS = YES_AGGRESSIVE;
				GCC_WARN_UNUSED_FUNCTION = YES;
				GCC_WARN_UNUSED_VARIABLE = YES;
				IPHONEOS_DEPLOYMENT_TARGET = 16.1;
				MTL_ENABLE_DEBUG_INFO = INCLUDE_SOURCE;
				MTL_FAST_MATH = YES;
				ONLY_ACTIVE_ARCH = YES;
				SDKROOT = iphoneos;
				SWIFT_ACTIVE_COMPILATION_CONDITIONS = DEBUG;
				SWIFT_OPTIMIZATION_LEVEL = "-Onone";
			};
			name = Debug;
		};
		209F62482934D7D4007A8998 /* Release */ = {
			isa = XCBuildConfiguration;
			buildSettings = {
				ALWAYS_SEARCH_USER_PATHS = NO;
				CLANG_ANALYZER_NONNULL = YES;
				CLANG_ANALYZER_NUMBER_OBJECT_CONVERSION = YES_AGGRESSIVE;
				CLANG_CXX_LANGUAGE_STANDARD = "gnu++20";
				CLANG_ENABLE_MODULES = YES;
				CLANG_ENABLE_OBJC_ARC = YES;
				CLANG_ENABLE_OBJC_WEAK = YES;
				CLANG_WARN_BLOCK_CAPTURE_AUTORELEASING = YES;
				CLANG_WARN_BOOL_CONVERSION = YES;
				CLANG_WARN_COMMA = YES;
				CLANG_WARN_CONSTANT_CONVERSION = YES;
				CLANG_WARN_DEPRECATED_OBJC_IMPLEMENTATIONS = YES;
				CLANG_WARN_DIRECT_OBJC_ISA_USAGE = YES_ERROR;
				CLANG_WARN_DOCUMENTATION_COMMENTS = YES;
				CLANG_WARN_EMPTY_BODY = YES;
				CLANG_WARN_ENUM_CONVERSION = YES;
				CLANG_WARN_INFINITE_RECURSION = YES;
				CLANG_WARN_INT_CONVERSION = YES;
				CLANG_WARN_NON_LITERAL_NULL_CONVERSION = YES;
				CLANG_WARN_OBJC_IMPLICIT_RETAIN_SELF = YES;
				CLANG_WARN_OBJC_LITERAL_CONVERSION = YES;
				CLANG_WARN_OBJC_ROOT_CLASS = YES_ERROR;
				CLANG_WARN_QUOTED_INCLUDE_IN_FRAMEWORK_HEADER = YES;
				CLANG_WARN_RANGE_LOOP_ANALYSIS = YES;
				CLANG_WARN_STRICT_PROTOTYPES = YES;
				CLANG_WARN_SUSPICIOUS_MOVE = YES;
				CLANG_WARN_UNGUARDED_AVAILABILITY = YES_AGGRESSIVE;
				CLANG_WARN_UNREACHABLE_CODE = YES;
				CLANG_WARN__DUPLICATE_METHOD_MATCH = YES;
				COPY_PHASE_STRIP = NO;
				DEBUG_INFORMATION_FORMAT = "dwarf-with-dsym";
				ENABLE_NS_ASSERTIONS = NO;
				ENABLE_STRICT_OBJC_MSGSEND = YES;
				GCC_C_LANGUAGE_STANDARD = gnu11;
				GCC_NO_COMMON_BLOCKS = YES;
				GCC_WARN_64_TO_32_BIT_CONVERSION = YES;
				GCC_WARN_ABOUT_RETURN_TYPE = YES_ERROR;
				GCC_WARN_UNDECLARED_SELECTOR = YES;
				GCC_WARN_UNINITIALIZED_AUTOS = YES_AGGRESSIVE;
				GCC_WARN_UNUSED_FUNCTION = YES;
				GCC_WARN_UNUSED_VARIABLE = YES;
				IPHONEOS_DEPLOYMENT_TARGET = 16.1;
				MTL_ENABLE_DEBUG_INFO = NO;
				MTL_FAST_MATH = YES;
				SDKROOT = iphoneos;
				SWIFT_COMPILATION_MODE = wholemodule;
				SWIFT_OPTIMIZATION_LEVEL = "-O";
				VALIDATE_PRODUCT = YES;
			};
			name = Release;
		};
		209F624A2934D7D4007A8998 /* Debug */ = {
			isa = XCBuildConfiguration;
			buildSettings = {
				ASSETCATALOG_COMPILER_APPICON_NAME = AppIcon;
				ASSETCATALOG_COMPILER_GLOBAL_ACCENT_COLOR_NAME = AccentColor;
				CODE_SIGN_ENTITLEMENTS = TechNews/TechNews.entitlements;
				CODE_SIGN_STYLE = Automatic;
				CURRENT_PROJECT_VERSION = 1;
				DEVELOPMENT_ASSET_PATHS = "\"TechNews/Preview Content\"";
				DEVELOPMENT_TEAM = R3R8FVG5J7;
				ENABLE_PREVIEWS = YES;
				GENERATE_INFOPLIST_FILE = YES;
				INFOPLIST_KEY_UIApplicationSceneManifest_Generation = YES;
				INFOPLIST_KEY_UIApplicationSupportsIndirectInputEvents = YES;
				INFOPLIST_KEY_UILaunchScreen_Generation = YES;
				INFOPLIST_KEY_UISupportedInterfaceOrientations_iPad = "UIInterfaceOrientationPortrait UIInterfaceOrientationPortraitUpsideDown UIInterfaceOrientationLandscapeLeft UIInterfaceOrientationLandscapeRight";
				INFOPLIST_KEY_UISupportedInterfaceOrientations_iPhone = "UIInterfaceOrientationPortrait UIInterfaceOrientationLandscapeLeft UIInterfaceOrientationLandscapeRight";
				LD_RUNPATH_SEARCH_PATHS = (
					"$(inherited)",
					"@executable_path/Frameworks",
				);
				MARKETING_VERSION = 1.0;
				PRODUCT_BUNDLE_IDENTIFIER = com.nihad.TechNews;
				PRODUCT_NAME = "$(TARGET_NAME)";
				SUPPORTED_PLATFORMS = "iphoneos iphonesimulator";
				SUPPORTS_MACCATALYST = YES;
				SUPPORTS_MAC_DESIGNED_FOR_IPHONE_IPAD = YES;
				SWIFT_EMIT_LOC_STRINGS = YES;
				SWIFT_VERSION = 5.0;
				TARGETED_DEVICE_FAMILY = "1,2";
			};
			name = Debug;
		};
		209F624B2934D7D4007A8998 /* Release */ = {
			isa = XCBuildConfiguration;
			buildSettings = {
				ASSETCATALOG_COMPILER_APPICON_NAME = AppIcon;
				ASSETCATALOG_COMPILER_GLOBAL_ACCENT_COLOR_NAME = AccentColor;
				CODE_SIGN_ENTITLEMENTS = TechNews/TechNews.entitlements;
				CODE_SIGN_STYLE = Automatic;
				CURRENT_PROJECT_VERSION = 1;
				DEVELOPMENT_ASSET_PATHS = "\"TechNews/Preview Content\"";
				DEVELOPMENT_TEAM = R3R8FVG5J7;
				ENABLE_PREVIEWS = YES;
				GENERATE_INFOPLIST_FILE = YES;
				INFOPLIST_KEY_UIApplicationSceneManifest_Generation = YES;
				INFOPLIST_KEY_UIApplicationSupportsIndirectInputEvents = YES;
				INFOPLIST_KEY_UILaunchScreen_Generation = YES;
				INFOPLIST_KEY_UISupportedInterfaceOrientations_iPad = "UIInterfaceOrientationPortrait UIInterfaceOrientationPortraitUpsideDown UIInterfaceOrientationLandscapeLeft UIInterfaceOrientationLandscapeRight";
				INFOPLIST_KEY_UISupportedInterfaceOrientations_iPhone = "UIInterfaceOrientationPortrait UIInterfaceOrientationLandscapeLeft UIInterfaceOrientationLandscapeRight";
				LD_RUNPATH_SEARCH_PATHS = (
					"$(inherited)",
					"@executable_path/Frameworks",
				);
				MARKETING_VERSION = 1.0;
				PRODUCT_BUNDLE_IDENTIFIER = com.nihad.TechNews;
				PRODUCT_NAME = "$(TARGET_NAME)";
				SUPPORTED_PLATFORMS = "iphoneos iphonesimulator";
				SUPPORTS_MACCATALYST = YES;
				SUPPORTS_MAC_DESIGNED_FOR_IPHONE_IPAD = YES;
				SWIFT_EMIT_LOC_STRINGS = YES;
				SWIFT_VERSION = 5.0;
				TARGETED_DEVICE_FAMILY = "1,2";
			};
			name = Release;
		};
/* End XCBuildConfiguration section */

/* Begin XCConfigurationList section */
		209F62362934D7D2007A8998 /* Build configuration list for PBXProject "TechNews" */ = {
			isa = XCConfigurationList;
			buildConfigurations = (
				209F62472934D7D4007A8998 /* Debug */,
				209F62482934D7D4007A8998 /* Release */,
			);
			defaultConfigurationIsVisible = 0;
			defaultConfigurationName = Release;
		};
		209F62492934D7D4007A8998 /* Build configuration list for PBXNativeTarget "TechNews" */ = {
			isa = XCConfigurationList;
			buildConfigurations = (
				209F624A2934D7D4007A8998 /* Debug */,
				209F624B2934D7D4007A8998 /* Release */,
			);
			defaultConfigurationIsVisible = 0;
			defaultConfigurationName = Release;
		};
/* End XCConfigurationList section */
	};
	rootObject = 209F62332934D7D2007A8998 /* Project object */;
}
